// !$*UTF8*$!
{
	archiveVersion = 1;
	classes = {
	};
	objectVersion = 55;
	objects = {

/* Begin PBXBuildFile section */
		1F8A1C696F10FE7498715BC8 /* Pods_FirebaseDeepLinksAndPushNotifications.framework in Frameworks */ = {isa = PBXBuildFile; fileRef = 76D938FFE345E046F670C495 /* Pods_FirebaseDeepLinksAndPushNotifications.framework */; };
		BF6F90A1283229070043D5A7 /* AppDelegate.swift in Sources */ = {isa = PBXBuildFile; fileRef = BF6F90A0283229070043D5A7 /* AppDelegate.swift */; };
		BF6F90A3283229070043D5A7 /* SceneDelegate.swift in Sources */ = {isa = PBXBuildFile; fileRef = BF6F90A2283229070043D5A7 /* SceneDelegate.swift */; };
		BF6F90A5283229070043D5A7 /* ViewController.swift in Sources */ = {isa = PBXBuildFile; fileRef = BF6F90A4283229070043D5A7 /* ViewController.swift */; };
		BF6F90AA283229090043D5A7 /* Assets.xcassets in Resources */ = {isa = PBXBuildFile; fileRef = BF6F90A9283229090043D5A7 /* Assets.xcassets */; };
		BF6F90AD283229090043D5A7 /* LaunchScreen.storyboard in Resources */ = {isa = PBXBuildFile; fileRef = BF6F90AB283229090043D5A7 /* LaunchScreen.storyboard */; };
		BF6F90B5283229AE0043D5A7 /* GoogleService-Info.plist in Resources */ = {isa = PBXBuildFile; fileRef = BF6F90B4283229AE0043D5A7 /* GoogleService-Info.plist */; };
/* End PBXBuildFile section */

/* Begin PBXFileReference section */
		62A0569AC0A9D1C9A6775EED /* Pods-FirebaseDeepLinksAndPushNotifications.debug.xcconfig */ = {isa = PBXFileReference; includeInIndex = 1; lastKnownFileType = text.xcconfig; name = "Pods-FirebaseDeepLinksAndPushNotifications.debug.xcconfig"; path = "Target Support Files/Pods-FirebaseDeepLinksAndPushNotifications/Pods-FirebaseDeepLinksAndPushNotifications.debug.xcconfig"; sourceTree = "<group>"; };
		76D938FFE345E046F670C495 /* Pods_FirebaseDeepLinksAndPushNotifications.framework */ = {isa = PBXFileReference; explicitFileType = wrapper.framework; includeInIndex = 0; path = Pods_FirebaseDeepLinksAndPushNotifications.framework; sourceTree = BUILT_PRODUCTS_DIR; };
		BF6F909D283229070043D5A7 /* FirebaseDeepLinksAndPushNotifications.app */ = {isa = PBXFileReference; explicitFileType = wrapper.application; includeInIndex = 0; path = FirebaseDeepLinksAndPushNotifications.app; sourceTree = BUILT_PRODUCTS_DIR; };
		BF6F90A0283229070043D5A7 /* AppDelegate.swift */ = {isa = PBXFileReference; lastKnownFileType = sourcecode.swift; path = AppDelegate.swift; sourceTree = "<group>"; };
		BF6F90A2283229070043D5A7 /* SceneDelegate.swift */ = {isa = PBXFileReference; lastKnownFileType = sourcecode.swift; path = SceneDelegate.swift; sourceTree = "<group>"; };
		BF6F90A4283229070043D5A7 /* ViewController.swift */ = {isa = PBXFileReference; lastKnownFileType = sourcecode.swift; path = ViewController.swift; sourceTree = "<group>"; };
		BF6F90A9283229090043D5A7 /* Assets.xcassets */ = {isa = PBXFileReference; lastKnownFileType = folder.assetcatalog; path = Assets.xcassets; sourceTree = "<group>"; };
		BF6F90AC283229090043D5A7 /* Base */ = {isa = PBXFileReference; lastKnownFileType = file.storyboard; name = Base; path = Base.lproj/LaunchScreen.storyboard; sourceTree = "<group>"; };
		BF6F90AE283229090043D5A7 /* Info.plist */ = {isa = PBXFileReference; lastKnownFileType = text.plist.xml; path = Info.plist; sourceTree = "<group>"; };
		BF6F90B4283229AE0043D5A7 /* GoogleService-Info.plist */ = {isa = PBXFileReference; fileEncoding = 4; lastKnownFileType = text.plist.xml; path = "GoogleService-Info.plist"; sourceTree = "<group>"; };
		BF6F90B6283266330043D5A7 /* FirebaseDeepLinksAndPushNotifications.entitlements */ = {isa = PBXFileReference; lastKnownFileType = text.plist.entitlements; path = FirebaseDeepLinksAndPushNotifications.entitlements; sourceTree = "<group>"; };
		F63AA83D8D2B68E135595E30 /* Pods-FirebaseDeepLinksAndPushNotifications.release.xcconfig */ = {isa = PBXFileReference; includeInIndex = 1; lastKnownFileType = text.xcconfig; name = "Pods-FirebaseDeepLinksAndPushNotifications.release.xcconfig"; path = "Target Support Files/Pods-FirebaseDeepLinksAndPushNotifications/Pods-FirebaseDeepLinksAndPushNotifications.release.xcconfig"; sourceTree = "<group>"; };
/* End PBXFileReference section */

/* Begin PBXFrameworksBuildPhase section */
		BF6F909A283229070043D5A7 /* Frameworks */ = {
			isa = PBXFrameworksBuildPhase;
			buildActionMask = 2147483647;
			files = (
				1F8A1C696F10FE7498715BC8 /* Pods_FirebaseDeepLinksAndPushNotifications.framework in Frameworks */,
			);
			runOnlyForDeploymentPostprocessing = 0;
		};
/* End PBXFrameworksBuildPhase section */

/* Begin PBXGroup section */
		618B7A2A87F43A24C42BEB79 /* Pods */ = {
			isa = PBXGroup;
			children = (
				62A0569AC0A9D1C9A6775EED /* Pods-FirebaseDeepLinksAndPushNotifications.debug.xcconfig */,
				F63AA83D8D2B68E135595E30 /* Pods-FirebaseDeepLinksAndPushNotifications.release.xcconfig */,
			);
			path = Pods;
			sourceTree = "<group>";
		};
		ACDA9AF55B6D67AD4E513FBD /* Frameworks */ = {
			isa = PBXGroup;
			children = (
				76D938FFE345E046F670C495 /* Pods_FirebaseDeepLinksAndPushNotifications.framework */,
			);
			name = Frameworks;
			sourceTree = "<group>";
		};
		BF6F9094283229070043D5A7 = {
			isa = PBXGroup;
			children = (
				BF6F909F283229070043D5A7 /* FirebaseDeepLinksAndPushNotifications */,
				BF6F909E283229070043D5A7 /* Products */,
				618B7A2A87F43A24C42BEB79 /* Pods */,
				ACDA9AF55B6D67AD4E513FBD /* Frameworks */,
			);
			sourceTree = "<group>";
		};
		BF6F909E283229070043D5A7 /* Products */ = {
			isa = PBXGroup;
			children = (
				BF6F909D283229070043D5A7 /* FirebaseDeepLinksAndPushNotifications.app */,
			);
			name = Products;
			sourceTree = "<group>";
		};
		BF6F909F283229070043D5A7 /* FirebaseDeepLinksAndPushNotifications */ = {
			isa = PBXGroup;
			children = (
				BF6F90B6283266330043D5A7 /* FirebaseDeepLinksAndPushNotifications.entitlements */,
				BF6F90A0283229070043D5A7 /* AppDelegate.swift */,
				BF6F90A2283229070043D5A7 /* SceneDelegate.swift */,
				BF6F90A4283229070043D5A7 /* ViewController.swift */,
				BF6F90A9283229090043D5A7 /* Assets.xcassets */,
				BF6F90AB283229090043D5A7 /* LaunchScreen.storyboard */,
				BF6F90AE283229090043D5A7 /* Info.plist */,
				BF6F90B4283229AE0043D5A7 /* GoogleService-Info.plist */,
			);
			path = FirebaseDeepLinksAndPushNotifications;
			sourceTree = "<group>";
		};
/* End PBXGroup section */

/* Begin PBXNativeTarget section */
		BF6F909C283229070043D5A7 /* FirebaseDeepLinksAndPushNotifications */ = {
			isa = PBXNativeTarget;
			buildConfigurationList = BF6F90B1283229090043D5A7 /* Build configuration list for PBXNativeTarget "FirebaseDeepLinksAndPushNotifications" */;
			buildPhases = (
				8354AB2D5263732E63F0EAA1 /* [CP] Check Pods Manifest.lock */,
				BF6F9099283229070043D5A7 /* Sources */,
				BF6F909A283229070043D5A7 /* Frameworks */,
				BF6F909B283229070043D5A7 /* Resources */,
				D31774B6EB2C0E434602A4E8 /* [CP] Embed Pods Frameworks */,
			);
			buildRules = (
			);
			dependencies = (
			);
			name = FirebaseDeepLinksAndPushNotifications;
			productName = FirebaseDeepLinksAndPushNotifications;
			productReference = BF6F909D283229070043D5A7 /* FirebaseDeepLinksAndPushNotifications.app */;
			productType = "com.apple.product-type.application";
		};
/* End PBXNativeTarget section */

/* Begin PBXProject section */
		BF6F9095283229070043D5A7 /* Project object */ = {
			isa = PBXProject;
			attributes = {
				BuildIndependentTargetsInParallel = 1;
				LastSwiftUpdateCheck = 1330;
				LastUpgradeCheck = 1330;
				TargetAttributes = {
					BF6F909C283229070043D5A7 = {
						CreatedOnToolsVersion = 13.3.1;
					};
				};
			};
			buildConfigurationList = BF6F9098283229070043D5A7 /* Build configuration list for PBXProject "FirebaseDeepLinksAndPushNotifications" */;
			compatibilityVersion = "Xcode 13.0";
			developmentRegion = en;
			hasScannedForEncodings = 0;
			knownRegions = (
				en,
				Base,
			);
			mainGroup = BF6F9094283229070043D5A7;
			productRefGroup = BF6F909E283229070043D5A7 /* Products */;
			projectDirPath = "";
			projectRoot = "";
			targets = (
				BF6F909C283229070043D5A7 /* FirebaseDeepLinksAndPushNotifications */,
			);
		};
/* End PBXProject section */

/* Begin PBXResourcesBuildPhase section */
		BF6F909B283229070043D5A7 /* Resources */ = {
			isa = PBXResourcesBuildPhase;
			buildActionMask = 2147483647;
			files = (
				BF6F90AD283229090043D5A7 /* LaunchScreen.storyboard in Resources */,
				BF6F90B5283229AE0043D5A7 /* GoogleService-Info.plist in Resources */,
				BF6F90AA283229090043D5A7 /* Assets.xcassets in Resources */,
			);
			runOnlyForDeploymentPostprocessing = 0;
		};
/* End PBXResourcesBuildPhase section */

/* Begin PBXShellScriptBuildPhase section */
		8354AB2D5263732E63F0EAA1 /* [CP] Check Pods Manifest.lock */ = {
			isa = PBXShellScriptBuildPhase;
			buildActionMask = 2147483647;
			files = (
			);
			inputFileListPaths = (
			);
			inputPaths = (
				"${PODS_PODFILE_DIR_PATH}/Podfile.lock",
				"${PODS_ROOT}/Manifest.lock",
			);
			name = "[CP] Check Pods Manifest.lock";
			outputFileListPaths = (
			);
			outputPaths = (
				"$(DERIVED_FILE_DIR)/Pods-FirebaseDeepLinksAndPushNotifications-checkManifestLockResult.txt",
			);
			runOnlyForDeploymentPostprocessing = 0;
			shellPath = /bin/sh;
			shellScript = "diff \"${PODS_PODFILE_DIR_PATH}/Podfile.lock\" \"${PODS_ROOT}/Manifest.lock\" > /dev/null\nif [ $? != 0 ] ; then\n    # print error to STDERR\n    echo \"error: The sandbox is not in sync with the Podfile.lock. Run 'pod install' or update your CocoaPods installation.\" >&2\n    exit 1\nfi\n# This output is used by Xcode 'outputs' to avoid re-running this script phase.\necho \"SUCCESS\" > \"${SCRIPT_OUTPUT_FILE_0}\"\n";
			showEnvVarsInLog = 0;
		};
		D31774B6EB2C0E434602A4E8 /* [CP] Embed Pods Frameworks */ = {
			isa = PBXShellScriptBuildPhase;
			buildActionMask = 2147483647;
			files = (
			);
			inputFileListPaths = (
				"${PODS_ROOT}/Target Support Files/Pods-FirebaseDeepLinksAndPushNotifications/Pods-FirebaseDeepLinksAndPushNotifications-frameworks-${CONFIGURATION}-input-files.xcfilelist",
			);
			name = "[CP] Embed Pods Frameworks";
			outputFileListPaths = (
				"${PODS_ROOT}/Target Support Files/Pods-FirebaseDeepLinksAndPushNotifications/Pods-FirebaseDeepLinksAndPushNotifications-frameworks-${CONFIGURATION}-output-files.xcfilelist",
			);
			runOnlyForDeploymentPostprocessing = 0;
			shellPath = /bin/sh;
			shellScript = "\"${PODS_ROOT}/Target Support Files/Pods-FirebaseDeepLinksAndPushNotifications/Pods-FirebaseDeepLinksAndPushNotifications-frameworks.sh\"\n";
			showEnvVarsInLog = 0;
		};
/* End PBXShellScriptBuildPhase section */

/* Begin PBXSourcesBuildPhase section */
		BF6F9099283229070043D5A7 /* Sources */ = {
			isa = PBXSourcesBuildPhase;
			buildActionMask = 2147483647;
			files = (
				BF6F90A5283229070043D5A7 /* ViewController.swift in Sources */,
				BF6F90A1283229070043D5A7 /* AppDelegate.swift in Sources */,
				BF6F90A3283229070043D5A7 /* SceneDelegate.swift in Sources */,
			);
			runOnlyForDeploymentPostprocessing = 0;
		};
/* End PBXSourcesBuildPhase section */

/* Begin PBXVariantGroup section */
		BF6F90AB283229090043D5A7 /* LaunchScreen.storyboard */ = {
			isa = PBXVariantGroup;
			children = (
				BF6F90AC283229090043D5A7 /* Base */,
			);
			name = LaunchScreen.storyboard;
			sourceTree = "<group>";
		};
/* End PBXVariantGroup section */

/* Begin XCBuildConfiguration section */
		BF6F90AF283229090043D5A7 /* Debug */ = {
			isa = XCBuildConfiguration;
			buildSettings = {
				ALWAYS_SEARCH_USER_PATHS = NO;
				CLANG_ANALYZER_NONNULL = YES;
				CLANG_ANALYZER_NUMBER_OBJECT_CONVERSION = YES_AGGRESSIVE;
				CLANG_CXX_LANGUAGE_STANDARD = "gnu++17";
				CLANG_ENABLE_MODULES = YES;
				CLANG_ENABLE_OBJC_ARC = YES;
				CLANG_ENABLE_OBJC_WEAK = YES;
				CLANG_WARN_BLOCK_CAPTURE_AUTORELEASING = YES;
				CLANG_WARN_BOOL_CONVERSION = YES;
				CLANG_WARN_COMMA = YES;
				CLANG_WARN_CONSTANT_CONVERSION = YES;
				CLANG_WARN_DEPRECATED_OBJC_IMPLEMENTATIONS = YES;
				CLANG_WARN_DIRECT_OBJC_ISA_USAGE = YES_ERROR;
				CLANG_WARN_DOCUMENTATION_COMMENTS = YES;
				CLANG_WARN_EMPTY_BODY = YES;
				CLANG_WARN_ENUM_CONVERSION = YES;
				CLANG_WARN_INFINITE_RECURSION = YES;
				CLANG_WARN_INT_CONVERSION = YES;
				CLANG_WARN_NON_LITERAL_NULL_CONVERSION = YES;
				CLANG_WARN_OBJC_IMPLICIT_RETAIN_SELF = YES;
				CLANG_WARN_OBJC_LITERAL_CONVERSION = YES;
				CLANG_WARN_OBJC_ROOT_CLASS = YES_ERROR;
				CLANG_WARN_QUOTED_INCLUDE_IN_FRAMEWORK_HEADER = YES;
				CLANG_WARN_RANGE_LOOP_ANALYSIS = YES;
				CLANG_WARN_STRICT_PROTOTYPES = YES;
				CLANG_WARN_SUSPICIOUS_MOVE = YES;
				CLANG_WARN_UNGUARDED_AVAILABILITY = YES_AGGRESSIVE;
				CLANG_WARN_UNREACHABLE_CODE = YES;
				CLANG_WARN__DUPLICATE_METHOD_MATCH = YES;
				COPY_PHASE_STRIP = NO;
				DEBUG_INFORMATION_FORMAT = dwarf;
				ENABLE_STRICT_OBJC_MSGSEND = YES;
				ENABLE_TESTABILITY = YES;
				GCC_C_LANGUAGE_STANDARD = gnu11;
				GCC_DYNAMIC_NO_PIC = NO;
				GCC_NO_COMMON_BLOCKS = YES;
				GCC_OPTIMIZATION_LEVEL = 0;
				GCC_PREPROCESSOR_DEFINITIONS = (
					"DEBUG=1",
					"$(inherited)",
				);
				GCC_WARN_64_TO_32_BIT_CONVERSION = YES;
				GCC_WARN_ABOUT_RETURN_TYPE = YES_ERROR;
				GCC_WARN_UNDECLARED_SELECTOR = YES;
				GCC_WARN_UNINITIALIZED_AUTOS = YES_AGGRESSIVE;
				GCC_WARN_UNUSED_FUNCTION = YES;
				GCC_WARN_UNUSED_VARIABLE = YES;
				IPHONEOS_DEPLOYMENT_TARGET = 15.4;
				MTL_ENABLE_DEBUG_INFO = INCLUDE_SOURCE;
				MTL_FAST_MATH = YES;
				ONLY_ACTIVE_ARCH = YES;
				SDKROOT = iphoneos;
				SWIFT_ACTIVE_COMPILATION_CONDITIONS = DEBUG;
				SWIFT_OPTIMIZATION_LEVEL = "-Onone";
			};
			name = Debug;
		};
		BF6F90B0283229090043D5A7 /* Release */ = {
			isa = XCBuildConfiguration;
			buildSettings = {
				ALWAYS_SEARCH_USER_PATHS = NO;
				CLANG_ANALYZER_NONNULL = YES;
				CLANG_ANALYZER_NUMBER_OBJECT_CONVERSION = YES_AGGRESSIVE;
				CLANG_CXX_LANGUAGE_STANDARD = "gnu++17";
				CLANG_ENABLE_MODULES = YES;
				CLANG_ENABLE_OBJC_ARC = YES;
				CLANG_ENABLE_OBJC_WEAK = YES;
				CLANG_WARN_BLOCK_CAPTURE_AUTORELEASING = YES;
				CLANG_WARN_BOOL_CONVERSION = YES;
				CLANG_WARN_COMMA = YES;
				CLANG_WARN_CONSTANT_CONVERSION = YES;
				CLANG_WARN_DEPRECATED_OBJC_IMPLEMENTATIONS = YES;
				CLANG_WARN_DIRECT_OBJC_ISA_USAGE = YES_ERROR;
				CLANG_WARN_DOCUMENTATION_COMMENTS = YES;
				CLANG_WARN_EMPTY_BODY = YES;
				CLANG_WARN_ENUM_CONVERSION = YES;
				CLANG_WARN_INFINITE_RECURSION = YES;
				CLANG_WARN_INT_CONVERSION = YES;
				CLANG_WARN_NON_LITERAL_NULL_CONVERSION = YES;
				CLANG_WARN_OBJC_IMPLICIT_RETAIN_SELF = YES;
				CLANG_WARN_OBJC_LITERAL_CONVERSION = YES;
				CLANG_WARN_OBJC_ROOT_CLASS = YES_ERROR;
				CLANG_WARN_QUOTED_INCLUDE_IN_FRAMEWORK_HEADER = YES;
				CLANG_WARN_RANGE_LOOP_ANALYSIS = YES;
				CLANG_WARN_STRICT_PROTOTYPES = YES;
				CLANG_WARN_SUSPICIOUS_MOVE = YES;
				CLANG_WARN_UNGUARDED_AVAILABILITY = YES_AGGRESSIVE;
				CLANG_WARN_UNREACHABLE_CODE = YES;
				CLANG_WARN__DUPLICATE_METHOD_MATCH = YES;
				COPY_PHASE_STRIP = NO;
				DEBUG_INFORMATION_FORMAT = "dwarf-with-dsym";
				ENABLE_NS_ASSERTIONS = NO;
				ENABLE_STRICT_OBJC_MSGSEND = YES;
				GCC_C_LANGUAGE_STANDARD = gnu11;
				GCC_NO_COMMON_BLOCKS = YES;
				GCC_WARN_64_TO_32_BIT_CONVERSION = YES;
				GCC_WARN_ABOUT_RETURN_TYPE = YES_ERROR;
				GCC_WARN_UNDECLARED_SELECTOR = YES;
				GCC_WARN_UNINITIALIZED_AUTOS = YES_AGGRESSIVE;
				GCC_WARN_UNUSED_FUNCTION = YES;
				GCC_WARN_UNUSED_VARIABLE = YES;
				IPHONEOS_DEPLOYMENT_TARGET = 15.4;
				MTL_ENABLE_DEBUG_INFO = NO;
				MTL_FAST_MATH = YES;
				SDKROOT = iphoneos;
				SWIFT_COMPILATION_MODE = wholemodule;
				SWIFT_OPTIMIZATION_LEVEL = "-O";
				VALIDATE_PRODUCT = YES;
			};
			name = Release;
		};
		BF6F90B2283229090043D5A7 /* Debug */ = {
			isa = XCBuildConfiguration;
			baseConfigurationReference = 62A0569AC0A9D1C9A6775EED /* Pods-FirebaseDeepLinksAndPushNotifications.debug.xcconfig */;
			buildSettings = {
				ASSETCATALOG_COMPILER_APPICON_NAME = AppIcon;
				ASSETCATALOG_COMPILER_GLOBAL_ACCENT_COLOR_NAME = AccentColor;
				CODE_SIGN_ENTITLEMENTS = FirebaseDeepLinksAndPushNotifications/FirebaseDeepLinksAndPushNotifications.entitlements;
				CODE_SIGN_STYLE = Automatic;
				CURRENT_PROJECT_VERSION = 1;
				DEVELOPMENT_TEAM = 7MH43HF5XD;
				GENERATE_INFOPLIST_FILE = YES;
				INFOPLIST_FILE = FirebaseDeepLinksAndPushNotifications/Info.plist;
				INFOPLIST_KEY_UIApplicationSupportsIndirectInputEvents = YES;
				INFOPLIST_KEY_UILaunchStoryboardName = LaunchScreen;
				INFOPLIST_KEY_UISupportedInterfaceOrientations_iPad = "UIInterfaceOrientationPortrait UIInterfaceOrientationPortraitUpsideDown UIInterfaceOrientationLandscapeLeft UIInterfaceOrientationLandscapeRight";
				INFOPLIST_KEY_UISupportedInterfaceOrientations_iPhone = "UIInterfaceOrientationPortrait UIInterfaceOrientationLandscapeLeft UIInterfaceOrientationLandscapeRight";
				LD_RUNPATH_SEARCH_PATHS = (
					"$(inherited)",
					"@executable_path/Frameworks",
				);
				MARKETING_VERSION = 1.0;
				PRODUCT_BUNDLE_IDENTIFIER = MykhailoNovosad.FirebaseDeepLinksAndPushNotifications;
				PRODUCT_NAME = "$(TARGET_NAME)";
				SWIFT_EMIT_LOC_STRINGS = YES;
				SWIFT_VERSION = 5.0;
				TARGETED_DEVICE_FAMILY = "1,2";
			};
			name = Debug;
		};
		BF6F90B3283229090043D5A7 /* Release */ = {
			isa = XCBuildConfiguration;
			baseConfigurationReference = F63AA83D8D2B68E135595E30 /* Pods-FirebaseDeepLinksAndPushNotifications.release.xcconfig */;
			buildSettings = {
				ASSETCATALOG_COMPILER_APPICON_NAME = AppIcon;
				ASSETCATALOG_COMPILER_GLOBAL_ACCENT_COLOR_NAME = AccentColor;
				CODE_SIGN_ENTITLEMENTS = FirebaseDeepLinksAndPushNotifications/FirebaseDeepLinksAndPushNotifications.entitlements;
				CODE_SIGN_STYLE = Automatic;
				CURRENT_PROJECT_VERSION = 1;
				DEVELOPMENT_TEAM = 7MH43HF5XD;
				GENERATE_INFOPLIST_FILE = YES;
				INFOPLIST_FILE = FirebaseDeepLinksAndPushNotifications/Info.plist;
				INFOPLIST_KEY_UIApplicationSupportsIndirectInputEvents = YES;
				INFOPLIST_KEY_UILaunchStoryboardName = LaunchScreen;
				INFOPLIST_KEY_UISupportedInterfaceOrientations_iPad = "UIInterfaceOrientationPortrait UIInterfaceOrientationPortraitUpsideDown UIInterfaceOrientationLandscapeLeft UIInterfaceOrientationLandscapeRight";
				INFOPLIST_KEY_UISupportedInterfaceOrientations_iPhone = "UIInterfaceOrientationPortrait UIInterfaceOrientationLandscapeLeft UIInterfaceOrientationLandscapeRight";
				LD_RUNPATH_SEARCH_PATHS = (
					"$(inherited)",
					"@executable_path/Frameworks",
				);
				MARKETING_VERSION = 1.0;
				PRODUCT_BUNDLE_IDENTIFIER = MykhailoNovosad.FirebaseDeepLinksAndPushNotifications;
				PRODUCT_NAME = "$(TARGET_NAME)";
				SWIFT_EMIT_LOC_STRINGS = YES;
				SWIFT_VERSION = 5.0;
				TARGETED_DEVICE_FAMILY = "1,2";
			};
			name = Release;
		};
/* End XCBuildConfiguration section */

/* Begin XCConfigurationList section */
		BF6F9098283229070043D5A7 /* Build configuration list for PBXProject "FirebaseDeepLinksAndPushNotifications" */ = {
			isa = XCConfigurationList;
			buildConfigurations = (
				BF6F90AF283229090043D5A7 /* Debug */,
				BF6F90B0283229090043D5A7 /* Release */,
			);
			defaultConfigurationIsVisible = 0;
			defaultConfigurationName = Release;
		};
		BF6F90B1283229090043D5A7 /* Build configuration list for PBXNativeTarget "FirebaseDeepLinksAndPushNotifications" */ = {
			isa = XCConfigurationList;
			buildConfigurations = (
				BF6F90B2283229090043D5A7 /* Debug */,
				BF6F90B3283229090043D5A7 /* Release */,
			);
			defaultConfigurationIsVisible = 0;
			defaultConfigurationName = Release;
		};
/* End XCConfigurationList section */
	};
	rootObject = BF6F9095283229070043D5A7 /* Project object */;
}
